
Microsoft Visual Studio Solution File, Format Version 12.00
# Visual Studio Version 17
Project("{2150E333-8FDC-42A3-9474-1A3956D46DE8}") = "CMakePredefinedTargets", "CMakePredefinedTargets", "{C5DE7037-5E3B-3116-810E-0A5288626F6D}"
EndProject
Project("{2150E333-8FDC-42A3-9474-1A3956D46DE8}") = "exts", "exts", "{629C3C56-7015-3270-A1A2-7EAF6E6DA210}"
EndProject
Project("{2150E333-8FDC-42A3-9474-1A3956D46DE8}") = "glfw", "exts\glfw", "{4A28472B-E2A3-3092-83FD-781B4F30494B}"
EndProject
Project("{8BC9CEB8-8B4A-11D0-8D11-00A0C91BC942}") = "ALL_BUILD", "ALL_BUILD.vcxproj", "{F37318B1-51A3-3A11-A4C1-A6E6AD571F99}"
	ProjectSection(ProjectDependencies) = postProject
		{9122520F-5AF4-3A82-A0BE-24686681AB43} = {9122520F-5AF4-3A82-A0BE-24686681AB43}
		{FC408B6F-A045-3FF5-A503-3C9C352DDB5F} = {FC408B6F-A045-3FF5-A503-3C9C352DDB5F}
	EndProjectSection
EndProject
Project("{8BC9CEB8-8B4A-11D0-8D11-00A0C91BC942}") = "INSTALL", "INSTALL.vcxproj", "{1033F89E-7F34-3160-9DFA-DD99024765B1}"
	ProjectSection(ProjectDependencies) = postProject
		{F37318B1-51A3-3A11-A4C1-A6E6AD571F99} = {F37318B1-51A3-3A11-A4C1-A6E6AD571F99}
		{9122520F-5AF4-3A82-A0BE-24686681AB43} = {9122520F-5AF4-3A82-A0BE-24686681AB43}
	EndProjectSection
EndProject
Project("{8BC9CEB8-8B4A-11D0-8D11-00A0C91BC942}") = "ZERO_CHECK", "..\..\\ZERO_CHECK.vcxproj", "{9122520F-5AF4-3A82-A0BE-24686681AB43}"
	ProjectSection(ProjectDependencies) = postProject
	EndProjectSection
EndProject
Project("{8BC9CEB8-8B4A-11D0-8D11-00A0C91BC942}") = "glfw", "src\glfw.vcxproj", "{FC408B6F-A045-3FF5-A503-3C9C352DDB5F}"
	ProjectSection(ProjectDependencies) = postProject
		{9122520F-5AF4-3A82-A0BE-24686681AB43} = {9122520F-5AF4-3A82-A0BE-24686681AB43}
	EndProjectSection
EndProject
Global
	GlobalSection(SolutionConfigurationPlatforms) = preSolution
		Debug|x64 = Debug|x64
		Release|x64 = Release|x64
		MinSizeRel|x64 = MinSizeRel|x64
		RelWithDebInfo|x64 = RelWithDebInfo|x64
	EndGlobalSection
	GlobalSection(ProjectConfigurationPlatforms) = postSolution
		{F37318B1-51A3-3A11-A4C1-A6E6AD571F99}.Debug|x64.ActiveCfg = Debug|x64
		{F37318B1-51A3-3A11-A4C1-A6E6AD571F99}.Debug|x64.Build.0 = Debug|x64
		{F37318B1-51A3-3A11-A4C1-A6E6AD571F99}.Release|x64.ActiveCfg = Release|x64
		{F37318B1-51A3-3A11-A4C1-A6E6AD571F99}.Release|x64.Build.0 = Release|x64
		{F37318B1-51A3-3A11-A4C1-A6E6AD571F99}.MinSizeRel|x64.ActiveCfg = MinSizeRel|x64
		{F37318B1-51A3-3A11-A4C1-A6E6AD571F99}.MinSizeRel|x64.Build.0 = MinSizeRel|x64
		{F37318B1-51A3-3A11-A4C1-A6E6AD571F99}.RelWithDebInfo|x64.ActiveCfg = RelWithDebInfo|x64
		{F37318B1-51A3-3A11-A4C1-A6E6AD571F99}.RelWithDebInfo|x64.Build.0 = RelWithDebInfo|x64
		{1033F89E-7F34-3160-9DFA-DD99024765B1}.Debug|x64.ActiveCfg = Debug|x64
		{1033F89E-7F34-3160-9DFA-DD99024765B1}.Release|x64.ActiveCfg = Release|x64
		{1033F89E-7F34-3160-9DFA-DD99024765B1}.MinSizeRel|x64.ActiveCfg = MinSizeRel|x64
		{1033F89E-7F34-3160-9DFA-DD99024765B1}.RelWithDebInfo|x64.ActiveCfg = RelWithDebInfo|x64
		{9122520F-5AF4-3A82-A0BE-24686681AB43}.Debug|x64.ActiveCfg = Debug|x64
		{9122520F-5AF4-3A82-A0BE-24686681AB43}.Debug|x64.Build.0 = Debug|x64
		{9122520F-5AF4-3A82-A0BE-24686681AB43}.Release|x64.ActiveCfg = Release|x64
		{9122520F-5AF4-3A82-A0BE-24686681AB43}.Release|x64.Build.0 = Release|x64
		{9122520F-5AF4-3A82-A0BE-24686681AB43}.MinSizeRel|x64.ActiveCfg = MinSizeRel|x64
		{9122520F-5AF4-3A82-A0BE-24686681AB43}.MinSizeRel|x64.Build.0 = MinSizeRel|x64
		{9122520F-5AF4-3A82-A0BE-24686681AB43}.RelWithDebInfo|x64.ActiveCfg = RelWithDebInfo|x64
		{9122520F-5AF4-3A82-A0BE-24686681AB43}.RelWithDebInfo|x64.Build.0 = RelWithDebInfo|x64
		{FC408B6F-A045-3FF5-A503-3C9C352DDB5F}.Debug|x64.ActiveCfg = Debug|x64
		{FC408B6F-A045-3FF5-A503-3C9C352DDB5F}.Debug|x64.Build.0 = Debug|x64
		{FC408B6F-A045-3FF5-A503-3C9C352DDB5F}.Release|x64.ActiveCfg = Release|x64
		{FC408B6F-A045-3FF5-A503-3C9C352DDB5F}.Release|x64.Build.0 = Release|x64
		{FC408B6F-A045-3FF5-A503-3C9C352DDB5F}.MinSizeRel|x64.ActiveCfg = MinSizeRel|x64
		{FC408B6F-A045-3FF5-A503-3C9C352DDB5F}.MinSizeRel|x64.Build.0 = MinSizeRel|x64
		{FC408B6F-A045-3FF5-A503-3C9C352DDB5F}.RelWithDebInfo|x64.ActiveCfg = RelWithDebInfo|x64
		{FC408B6F-A045-3FF5-A503-3C9C352DDB5F}.RelWithDebInfo|x64.Build.0 = RelWithDebInfo|x64
	EndGlobalSection
	GlobalSection(NestedProjects) = preSolution
		{F37318B1-51A3-3A11-A4C1-A6E6AD571F99} = {C5DE7037-5E3B-3116-810E-0A5288626F6D}
		{1033F89E-7F34-3160-9DFA-DD99024765B1} = {C5DE7037-5E3B-3116-810E-0A5288626F6D}
		{9122520F-5AF4-3A82-A0BE-24686681AB43} = {C5DE7037-5E3B-3116-810E-0A5288626F6D}
		{4A28472B-E2A3-3092-83FD-781B4F30494B} = {629C3C56-7015-3270-A1A2-7EAF6E6DA210}
		{FC408B6F-A045-3FF5-A503-3C9C352DDB5F} = {4A28472B-E2A3-3092-83FD-781B4F30494B}
	EndGlobalSection
	GlobalSection(ExtensibilityGlobals) = postSolution
		SolutionGuid = {59E03757-E38B-3A9E-ACBB-180582AE1BBF}
	EndGlobalSection
	GlobalSection(ExtensibilityAddIns) = postSolution
	EndGlobalSection
EndGlobal
