<?xml version="1.0" encoding="utf-8"?>
<Project ToolsVersion="17.0" xmlns="http://schemas.microsoft.com/developer/msbuild/2003">
  <ItemGroup>
    <ClCompile Include="C:\Users\grett\LTU\Second Year\Game Engine Architecture\w0047e-assignment-3-multiplayer-grettebyang\engine-lab-env-main\projects\spacegame\code\componentbase.cc">
      <Filter>spacegame</Filter>
    </ClCompile>
    <ClCompile Include="C:\Users\grett\LTU\Second Year\Game Engine Architecture\w0047e-assignment-3-multiplayer-grettebyang\engine-lab-env-main\projects\spacegame\code\entity.cc">
      <Filter>spacegame</Filter>
    </ClCompile>
    <ClCompile Include="C:\Users\grett\LTU\Second Year\Game Engine Architecture\w0047e-assignment-3-multiplayer-grettebyang\engine-lab-env-main\projects\spacegame\code\main.cc">
      <Filter>spacegame</Filter>
    </ClCompile>
    <ClCompile Include="C:\Users\grett\LTU\Second Year\Game Engine Architecture\w0047e-assignment-3-multiplayer-grettebyang\engine-lab-env-main\projects\spacegame\code\spacegameapp.cc">
      <Filter>spacegame</Filter>
    </ClCompile>
    <ClCompile Include="C:\Users\grett\LTU\Second Year\Game Engine Architecture\w0047e-assignment-3-multiplayer-grettebyang\engine-lab-env-main\projects\spacegame\code\spaceship.cc">
      <Filter>spacegame</Filter>
    </ClCompile>
    <ClCompile Include="C:\Users\grett\LTU\Second Year\Game Engine Architecture\w0047e-assignment-3-multiplayer-grettebyang\engine-lab-env-main\projects\spacegame\code\world.cc">
      <Filter>spacegame</Filter>
    </ClCompile>
  </ItemGroup>
  <ItemGroup>
    <ClInclude Include="C:\Users\grett\LTU\Second Year\Game Engine Architecture\w0047e-assignment-3-multiplayer-grettebyang\engine-lab-env-main\projects\spacegame\code\componentbase.h">
      <Filter>spacegame</Filter>
    </ClInclude>
    <ClInclude Include="C:\Users\grett\LTU\Second Year\Game Engine Architecture\w0047e-assignment-3-multiplayer-grettebyang\engine-lab-env-main\projects\spacegame\code\entity.h">
      <Filter>spacegame</Filter>
    </ClInclude>
    <ClInclude Include="C:\Users\grett\LTU\Second Year\Game Engine Architecture\w0047e-assignment-3-multiplayer-grettebyang\engine-lab-env-main\projects\spacegame\code\entitypool.h">
      <Filter>spacegame</Filter>
    </ClInclude>
    <ClInclude Include="C:\Users\grett\LTU\Second Year\Game Engine Architecture\w0047e-assignment-3-multiplayer-grettebyang\engine-lab-env-main\projects\spacegame\code\spacegameapp.h">
      <Filter>spacegame</Filter>
    </ClInclude>
    <ClInclude Include="C:\Users\grett\LTU\Second Year\Game Engine Architecture\w0047e-assignment-3-multiplayer-grettebyang\engine-lab-env-main\projects\spacegame\code\spaceship.h">
      <Filter>spacegame</Filter>
    </ClInclude>
    <ClInclude Include="C:\Users\grett\LTU\Second Year\Game Engine Architecture\w0047e-assignment-3-multiplayer-grettebyang\engine-lab-env-main\projects\spacegame\code\world.h">
      <Filter>spacegame</Filter>
    </ClInclude>
    <ClInclude Include="packetmessage.h">
      <Filter>spacegame</Filter>
    </ClInclude>
  </ItemGroup>
  <ItemGroup>
    <CustomBuild Include="C:\Users\grett\LTU\Second Year\Game Engine Architecture\w0047e-assignment-3-multiplayer-grettebyang\engine-lab-env-main\projects\spacegame\CMakeLists.txt" />
  </ItemGroup>
  <ItemGroup>
    <Filter Include="spacegame">
      <UniqueIdentifier>{CC8F58EF-5A4B-347D-8D02-76506B03F72A}</UniqueIdentifier>
    </Filter>
  </ItemGroup>
</Project>